
Microsoft Visual Studio Solution File, Format Version 12.00
# Visual Studio Express 2012 for Windows Desktop
Project("{FAE04EC0-301F-11D3-BF4B-00C04F79EFBC}") = "MFConsoleApp_LogisticsApp", "MFConsoleApp_LogisticsApp\MFConsoleApp_LogisticsApp.csproj", "{251B6F0E-99CB-421A-89E6-29172E29F1CE}"
EndProject
Global
	GlobalSection(SolutionConfigurationPlatforms) = preSolution
		Debug|Any CPU = Debug|Any CPU
		Release|Any CPU = Release|Any CPU
	EndGlobalSection
	GlobalSection(ProjectConfigurationPlatforms) = postSolution
		{251B6F0E-99CB-421A-89E6-29172E29F1CE}.Debug|Any CPU.ActiveCfg = Debug|Any CPU
		{251B6F0E-99CB-421A-89E6-29172E29F1CE}.Debug|Any CPU.Build.0 = Debug|Any CPU
		{251B6F0E-99CB-421A-89E6-29172E29F1CE}.Debug|Any CPU.Deploy.0 = Debug|Any CPU
		{251B6F0E-99CB-421A-89E6-29172E29F1CE}.Release|Any CPU.ActiveCfg = Release|Any CPU
		{251B6F0E-99CB-421A-89E6-29172E29F1CE}.Release|Any CPU.Build.0 = Release|Any CPU
		{251B6F0E-99CB-421A-89E6-29172E29F1CE}.Release|Any CPU.Deploy.0 = Release|Any CPU
	EndGlobalSection
	GlobalSection(SolutionProperties) = preSolution
		HideSolutionNode = FALSE
	EndGlobalSection
EndGlobal
