
Microsoft Visual Studio Solution File, Format Version 12.00
# Visual Studio Express 2012 for Windows Desktop
Project("{FAE04EC0-301F-11D3-BF4B-00C04F79EFBC}") = "RangeEstimateTxPower", "RangeEstimationTxPower\RangeEstimateTxPower.csproj", "{5D61C93F-8CFB-439E-A84D-DD74C53CFA7D}"
EndProject
Global
	GlobalSection(SolutionConfigurationPlatforms) = preSolution
		Debug|Any CPU = Debug|Any CPU
		Release|Any CPU = Release|Any CPU
	EndGlobalSection
	GlobalSection(ProjectConfigurationPlatforms) = postSolution
		{5D61C93F-8CFB-439E-A84D-DD74C53CFA7D}.Debug|Any CPU.ActiveCfg = Debug|Any CPU
		{5D61C93F-8CFB-439E-A84D-DD74C53CFA7D}.Debug|Any CPU.Build.0 = Debug|Any CPU
		{5D61C93F-8CFB-439E-A84D-DD74C53CFA7D}.Debug|Any CPU.Deploy.0 = Debug|Any CPU
		{5D61C93F-8CFB-439E-A84D-DD74C53CFA7D}.Release|Any CPU.ActiveCfg = Release|Any CPU
		{5D61C93F-8CFB-439E-A84D-DD74C53CFA7D}.Release|Any CPU.Build.0 = Release|Any CPU
		{5D61C93F-8CFB-439E-A84D-DD74C53CFA7D}.Release|Any CPU.Deploy.0 = Release|Any CPU
	EndGlobalSection
	GlobalSection(SolutionProperties) = preSolution
		HideSolutionNode = FALSE
	EndGlobalSection
EndGlobal
