
Microsoft Visual Studio Solution File, Format Version 10.00
# Visual C# Express 2008
Project("{FAE04EC0-301F-11D3-BF4B-00C04F79EFBC}") = "EmoteEmulator", "EmoteEmulator\EmoteEmulator.csproj", "{F42EFEA2-A5FF-4ED9-AF6E-D8701DEE76CC}"
EndProject
Project("{FAE04EC0-301F-11D3-BF4B-00C04F79EFBC}") = "EmoteEmulatorButtonTest", "EmoteEmulatorButtonTest\EmoteEmulatorButtonTest.csproj", "{A361AA71-3614-4A91-B137-09E898802853}"
EndProject
Project("{FAE04EC0-301F-11D3-BF4B-00C04F79EFBC}") = "OpenLoopCarEmulation", "OpenLoopCarEmulation\OpenLoopCarEmulation.csproj", "{D3253A62-D67D-4E65-B199-462A21D77121}"
EndProject
Global
	GlobalSection(SolutionConfigurationPlatforms) = preSolution
		Debug|Any CPU = Debug|Any CPU
		Release|Any CPU = Release|Any CPU
	EndGlobalSection
	GlobalSection(ProjectConfigurationPlatforms) = postSolution
		{F42EFEA2-A5FF-4ED9-AF6E-D8701DEE76CC}.Debug|Any CPU.ActiveCfg = Debug|Any CPU
		{F42EFEA2-A5FF-4ED9-AF6E-D8701DEE76CC}.Debug|Any CPU.Build.0 = Debug|Any CPU
		{F42EFEA2-A5FF-4ED9-AF6E-D8701DEE76CC}.Release|Any CPU.ActiveCfg = Release|Any CPU
		{F42EFEA2-A5FF-4ED9-AF6E-D8701DEE76CC}.Release|Any CPU.Build.0 = Release|Any CPU
		{A361AA71-3614-4A91-B137-09E898802853}.Debug|Any CPU.ActiveCfg = Debug|Any CPU
		{A361AA71-3614-4A91-B137-09E898802853}.Debug|Any CPU.Build.0 = Debug|Any CPU
		{A361AA71-3614-4A91-B137-09E898802853}.Debug|Any CPU.Deploy.0 = Debug|Any CPU
		{A361AA71-3614-4A91-B137-09E898802853}.Release|Any CPU.ActiveCfg = Release|Any CPU
		{A361AA71-3614-4A91-B137-09E898802853}.Release|Any CPU.Build.0 = Release|Any CPU
		{A361AA71-3614-4A91-B137-09E898802853}.Release|Any CPU.Deploy.0 = Release|Any CPU
		{D3253A62-D67D-4E65-B199-462A21D77121}.Debug|Any CPU.ActiveCfg = Debug|Any CPU
		{D3253A62-D67D-4E65-B199-462A21D77121}.Debug|Any CPU.Build.0 = Debug|Any CPU
		{D3253A62-D67D-4E65-B199-462A21D77121}.Debug|Any CPU.Deploy.0 = Debug|Any CPU
		{D3253A62-D67D-4E65-B199-462A21D77121}.Release|Any CPU.ActiveCfg = Release|Any CPU
		{D3253A62-D67D-4E65-B199-462A21D77121}.Release|Any CPU.Build.0 = Release|Any CPU
		{D3253A62-D67D-4E65-B199-462A21D77121}.Release|Any CPU.Deploy.0 = Release|Any CPU
	EndGlobalSection
	GlobalSection(SolutionProperties) = preSolution
		HideSolutionNode = FALSE
	EndGlobalSection
EndGlobal
