
Microsoft Visual Studio Solution File, Format Version 10.00
# Visual C# Express 2008
Project("{FAE04EC0-301F-11D3-BF4B-00C04F79EFBC}") = "PhysicalModelEmulatorComm", "PhysicalModelEmulatorComm\PhysicalModelEmulatorComm.csproj", "{D1601E79-4350-47F3-A9E0-E10F43A0687B}"
EndProject
Global
	GlobalSection(SolutionConfigurationPlatforms) = preSolution
		Debug|Any CPU = Debug|Any CPU
		Release|Any CPU = Release|Any CPU
	EndGlobalSection
	GlobalSection(ProjectConfigurationPlatforms) = postSolution
		{D1601E79-4350-47F3-A9E0-E10F43A0687B}.Debug|Any CPU.ActiveCfg = Debug|Any CPU
		{D1601E79-4350-47F3-A9E0-E10F43A0687B}.Debug|Any CPU.Build.0 = Debug|Any CPU
		{D1601E79-4350-47F3-A9E0-E10F43A0687B}.Release|Any CPU.ActiveCfg = Release|Any CPU
		{D1601E79-4350-47F3-A9E0-E10F43A0687B}.Release|Any CPU.Build.0 = Release|Any CPU
	EndGlobalSection
	GlobalSection(SolutionProperties) = preSolution
		HideSolutionNode = FALSE
	EndGlobalSection
EndGlobal
