
Microsoft Visual Studio Solution File, Format Version 12.00
# Visual Studio Express 2012 for Windows Desktop
Project("{FAE04EC0-301F-11D3-BF4B-00C04F79EFBC}") = "DataFormatter", "DataFormatter\DataFormatter.csproj", "{BCD3F0C5-0948-4ECA-99D8-133D8C3F2954}"
EndProject
Global
	GlobalSection(SolutionConfigurationPlatforms) = preSolution
		Debug|Any CPU = Debug|Any CPU
		Release|Any CPU = Release|Any CPU
	EndGlobalSection
	GlobalSection(ProjectConfigurationPlatforms) = postSolution
		{BCD3F0C5-0948-4ECA-99D8-133D8C3F2954}.Debug|Any CPU.ActiveCfg = Debug|Any CPU
		{BCD3F0C5-0948-4ECA-99D8-133D8C3F2954}.Debug|Any CPU.Build.0 = Debug|Any CPU
		{BCD3F0C5-0948-4ECA-99D8-133D8C3F2954}.Release|Any CPU.ActiveCfg = Release|Any CPU
		{BCD3F0C5-0948-4ECA-99D8-133D8C3F2954}.Release|Any CPU.Build.0 = Release|Any CPU
	EndGlobalSection
	GlobalSection(SolutionProperties) = preSolution
		HideSolutionNode = FALSE
	EndGlobalSection
EndGlobal
