
Microsoft Visual Studio Solution File, Format Version 12.00
# Visual Studio Express 2012 for Windows Desktop
Project("{FAE04EC0-301F-11D3-BF4B-00C04F79EFBC}") = "Samraksh_SPOT_Net", "Samraksh_SPOT_Net\Samraksh_SPOT_Net.csproj", "{EF22401E-F609-4FBD-8674-2CE3077FFED0}"
EndProject
Global
	GlobalSection(SolutionConfigurationPlatforms) = preSolution
		Debug|Any CPU = Debug|Any CPU
		Release|Any CPU = Release|Any CPU
	EndGlobalSection
	GlobalSection(ProjectConfigurationPlatforms) = postSolution
		{EF22401E-F609-4FBD-8674-2CE3077FFED0}.Debug|Any CPU.ActiveCfg = Debug|Any CPU
		{EF22401E-F609-4FBD-8674-2CE3077FFED0}.Debug|Any CPU.Build.0 = Debug|Any CPU
		{EF22401E-F609-4FBD-8674-2CE3077FFED0}.Release|Any CPU.ActiveCfg = Release|Any CPU
		{EF22401E-F609-4FBD-8674-2CE3077FFED0}.Release|Any CPU.Build.0 = Release|Any CPU
	EndGlobalSection
	GlobalSection(SolutionProperties) = preSolution
		HideSolutionNode = FALSE
	EndGlobalSection
EndGlobal
