
Microsoft Visual Studio Solution File, Format Version 12.00
# Visual Studio Express 2012 for Windows Desktop
Project("{FAE04EC0-301F-11D3-BF4B-00C04F79EFBC}") = "BumbleBeeDetectionRadio", "BumbleBeeDetectionRadio\BumbleBeeDetectionRadio.csproj", "{ACC0CDD1-430F-4B3D-BFC1-A427CBA1457D}"
EndProject
Global
	GlobalSection(SolutionConfigurationPlatforms) = preSolution
		Debug|Any CPU = Debug|Any CPU
		Release|Any CPU = Release|Any CPU
	EndGlobalSection
	GlobalSection(ProjectConfigurationPlatforms) = postSolution
		{ACC0CDD1-430F-4B3D-BFC1-A427CBA1457D}.Debug|Any CPU.ActiveCfg = Debug|Any CPU
		{ACC0CDD1-430F-4B3D-BFC1-A427CBA1457D}.Debug|Any CPU.Build.0 = Debug|Any CPU
		{ACC0CDD1-430F-4B3D-BFC1-A427CBA1457D}.Debug|Any CPU.Deploy.0 = Debug|Any CPU
		{ACC0CDD1-430F-4B3D-BFC1-A427CBA1457D}.Release|Any CPU.ActiveCfg = Release|Any CPU
		{ACC0CDD1-430F-4B3D-BFC1-A427CBA1457D}.Release|Any CPU.Build.0 = Release|Any CPU
		{ACC0CDD1-430F-4B3D-BFC1-A427CBA1457D}.Release|Any CPU.Deploy.0 = Release|Any CPU
	EndGlobalSection
	GlobalSection(SolutionProperties) = preSolution
		HideSolutionNode = FALSE
	EndGlobalSection
EndGlobal
