
Microsoft Visual Studio Solution File, Format Version 10.00
# Visual Studio 2008
Project("{FAE04EC0-301F-11D3-BF4B-00C04F79EFBC}") = "Crossbow.platform.imote2", "Crossbow.platform.imote2.csproj", "{12445E32-FA95-40A3-A5AA-0C2CF2B7EDC6}"
EndProject
Global
	GlobalSection(SolutionConfigurationPlatforms) = preSolution
		Debug - CountReceive|Any CPU = Debug - CountReceive|Any CPU
		Debug - CountSend|Any CPU = Debug - CountSend|Any CPU
		Debug|Any CPU = Debug|Any CPU
		Release|Any CPU = Release|Any CPU
		XSensorITS400 - Debug|Any CPU = XSensorITS400 - Debug|Any CPU
	EndGlobalSection
	GlobalSection(ProjectConfigurationPlatforms) = postSolution
		{12445E32-FA95-40A3-A5AA-0C2CF2B7EDC6}.Debug - CountReceive|Any CPU.ActiveCfg = Debug - CountReceive|Any CPU
		{12445E32-FA95-40A3-A5AA-0C2CF2B7EDC6}.Debug - CountReceive|Any CPU.Build.0 = Debug - CountReceive|Any CPU
		{12445E32-FA95-40A3-A5AA-0C2CF2B7EDC6}.Debug - CountSend|Any CPU.ActiveCfg = Debug - CountSend|Any CPU
		{12445E32-FA95-40A3-A5AA-0C2CF2B7EDC6}.Debug - CountSend|Any CPU.Build.0 = Debug - CountSend|Any CPU
		{12445E32-FA95-40A3-A5AA-0C2CF2B7EDC6}.Debug|Any CPU.ActiveCfg = Debug|Any CPU
		{12445E32-FA95-40A3-A5AA-0C2CF2B7EDC6}.Debug|Any CPU.Build.0 = Debug|Any CPU
		{12445E32-FA95-40A3-A5AA-0C2CF2B7EDC6}.Release|Any CPU.ActiveCfg = Release|Any CPU
		{12445E32-FA95-40A3-A5AA-0C2CF2B7EDC6}.Release|Any CPU.Build.0 = Release|Any CPU
		{12445E32-FA95-40A3-A5AA-0C2CF2B7EDC6}.XSensorITS400 - Debug|Any CPU.ActiveCfg = XSensorITS400 - Debug|Any CPU
		{12445E32-FA95-40A3-A5AA-0C2CF2B7EDC6}.XSensorITS400 - Debug|Any CPU.Build.0 = XSensorITS400 - Debug|Any CPU
	EndGlobalSection
	GlobalSection(SolutionProperties) = preSolution
		HideSolutionNode = FALSE
	EndGlobalSection
EndGlobal
