
Microsoft Visual Studio Solution File, Format Version 12.00
# Visual Studio 2012
Project("{FAE04EC0-301F-11D3-BF4B-00C04F79EFBC}") = "Samraksh_SPOT_Hardware", "Samraksh_SPOT_Hardware\Samraksh_SPOT_Hardware.csproj", "{B6CB62D9-2347-4EC9-ACA9-39F80E6666F5}"
EndProject
Global
	GlobalSection(SolutionConfigurationPlatforms) = preSolution
		ADAPT|Any CPU = ADAPT|Any CPU
		Debug|Any CPU = Debug|Any CPU
		DotNOW|Any CPU = DotNOW|Any CPU
		Release|Any CPU = Release|Any CPU
	EndGlobalSection
	GlobalSection(ProjectConfigurationPlatforms) = postSolution
		{B6CB62D9-2347-4EC9-ACA9-39F80E6666F5}.ADAPT|Any CPU.ActiveCfg = ADAPT|Any CPU
		{B6CB62D9-2347-4EC9-ACA9-39F80E6666F5}.ADAPT|Any CPU.Build.0 = ADAPT|Any CPU
		{B6CB62D9-2347-4EC9-ACA9-39F80E6666F5}.Debug|Any CPU.ActiveCfg = Debug|Any CPU
		{B6CB62D9-2347-4EC9-ACA9-39F80E6666F5}.Debug|Any CPU.Build.0 = Debug|Any CPU
		{B6CB62D9-2347-4EC9-ACA9-39F80E6666F5}.DotNOW|Any CPU.ActiveCfg = dotNOW|Any CPU
		{B6CB62D9-2347-4EC9-ACA9-39F80E6666F5}.DotNOW|Any CPU.Build.0 = dotNOW|Any CPU
		{B6CB62D9-2347-4EC9-ACA9-39F80E6666F5}.Release|Any CPU.ActiveCfg = Release|Any CPU
		{B6CB62D9-2347-4EC9-ACA9-39F80E6666F5}.Release|Any CPU.Build.0 = Release|Any CPU
	EndGlobalSection
	GlobalSection(SolutionProperties) = preSolution
		HideSolutionNode = FALSE
	EndGlobalSection
EndGlobal
